
Microsoft Visual Studio Solution File, Format Version 12.00
Project("{FAE04EC0-301F-11D3-BF4B-00C04F79EFBC}") = "Vehicle", "Vehicle\Vehicle.csproj", "{7AFFC3D0-C8A8-43C4-A2B2-F5707C6DFA62}"
EndProject
Global
	GlobalSection(SolutionConfigurationPlatforms) = preSolution
		Debug|Any CPU = Debug|Any CPU
		Release|Any CPU = Release|Any CPU
	EndGlobalSection
	GlobalSection(ProjectConfigurationPlatforms) = postSolution
		{7AFFC3D0-C8A8-43C4-A2B2-F5707C6DFA62}.Debug|Any CPU.ActiveCfg = Debug|Any CPU
		{7AFFC3D0-C8A8-43C4-A2B2-F5707C6DFA62}.Debug|Any CPU.Build.0 = Debug|Any CPU
		{7AFFC3D0-C8A8-43C4-A2B2-F5707C6DFA62}.Release|Any CPU.ActiveCfg = Release|Any CPU
		{7AFFC3D0-C8A8-43C4-A2B2-F5707C6DFA62}.Release|Any CPU.Build.0 = Release|Any CPU
	EndGlobalSection
EndGlobal
